
Microsoft Visual Studio Solution File, Format Version 12.00
# Visual Studio 15
VisualStudioVersion = 15.0.27004.2009
MinimumVisualStudioVersion = 10.0.40219.1
Project("{FAE04EC0-301F-11D3-BF4B-00C04F79EFBC}") = "MVVMDemo", "MVVMDemo\MVVMDemo.csproj", "{C8DF0C8E-E6C6-4C99-884C-72142461DD3C}"
EndProject
Project("{FAE04EC0-301F-11D3-BF4B-00C04F79EFBC}") = "Extensions", "Extensions\Extensions.csproj", "{20F40385-5991-461C-9340-2F5DE0E320F4}"
EndProject
Global
	GlobalSection(SolutionConfigurationPlatforms) = preSolution
		Debug|Any CPU = Debug|Any CPU
		Release|Any CPU = Release|Any CPU
	EndGlobalSection
	GlobalSection(ProjectConfigurationPlatforms) = postSolution
		{C8DF0C8E-E6C6-4C99-884C-72142461DD3C}.Debug|Any CPU.ActiveCfg = Debug|Any CPU
		{C8DF0C8E-E6C6-4C99-884C-72142461DD3C}.Debug|Any CPU.Build.0 = Debug|Any CPU
		{C8DF0C8E-E6C6-4C99-884C-72142461DD3C}.Release|Any CPU.ActiveCfg = Release|Any CPU
		{C8DF0C8E-E6C6-4C99-884C-72142461DD3C}.Release|Any CPU.Build.0 = Release|Any CPU
		{20F40385-5991-461C-9340-2F5DE0E320F4}.Debug|Any CPU.ActiveCfg = Debug|Any CPU
		{20F40385-5991-461C-9340-2F5DE0E320F4}.Debug|Any CPU.Build.0 = Debug|Any CPU
		{20F40385-5991-461C-9340-2F5DE0E320F4}.Release|Any CPU.ActiveCfg = Release|Any CPU
		{20F40385-5991-461C-9340-2F5DE0E320F4}.Release|Any CPU.Build.0 = Release|Any CPU
	EndGlobalSection
	GlobalSection(SolutionProperties) = preSolution
		HideSolutionNode = FALSE
	EndGlobalSection
	GlobalSection(ExtensibilityGlobals) = postSolution
		SolutionGuid = {58C22432-1D2D-444B-B049-D740E92BBEB6}
	EndGlobalSection
EndGlobal
